
Microsoft Visual Studio Solution File, Format Version 12.00
# Visual Studio Version 17
VisualStudioVersion = 17.3.32519.111
MinimumVisualStudioVersion = 10.0.40219.1
Project("{FAE04EC0-301F-11D3-BF4B-00C04F79EFBC}") = "CosmosDb.API", "CosmosDb.API\CosmosDb.API.csproj", "{B576A593-249A-4E3B-BB3A-28C5042394D3}"
EndProject
Project("{FAE04EC0-301F-11D3-BF4B-00C04F79EFBC}") = "CosmosDb.Repository", "CosmosDb.Repository\CosmosDb.Repository.csproj", "{91E0784B-9D7C-4E2A-9773-9A559F68A73F}"
EndProject
Global
	GlobalSection(SolutionConfigurationPlatforms) = preSolution
		Debug|Any CPU = Debug|Any CPU
		Release|Any CPU = Release|Any CPU
	EndGlobalSection
	GlobalSection(ProjectConfigurationPlatforms) = postSolution
		{B576A593-249A-4E3B-BB3A-28C5042394D3}.Debug|Any CPU.ActiveCfg = Debug|Any CPU
		{B576A593-249A-4E3B-BB3A-28C5042394D3}.Debug|Any CPU.Build.0 = Debug|Any CPU
		{B576A593-249A-4E3B-BB3A-28C5042394D3}.Release|Any CPU.ActiveCfg = Release|Any CPU
		{B576A593-249A-4E3B-BB3A-28C5042394D3}.Release|Any CPU.Build.0 = Release|Any CPU
		{91E0784B-9D7C-4E2A-9773-9A559F68A73F}.Debug|Any CPU.ActiveCfg = Debug|Any CPU
		{91E0784B-9D7C-4E2A-9773-9A559F68A73F}.Debug|Any CPU.Build.0 = Debug|Any CPU
		{91E0784B-9D7C-4E2A-9773-9A559F68A73F}.Release|Any CPU.ActiveCfg = Release|Any CPU
		{91E0784B-9D7C-4E2A-9773-9A559F68A73F}.Release|Any CPU.Build.0 = Release|Any CPU
	EndGlobalSection
	GlobalSection(SolutionProperties) = preSolution
		HideSolutionNode = FALSE
	EndGlobalSection
	GlobalSection(ExtensibilityGlobals) = postSolution
		SolutionGuid = {F68395A5-D796-451F-BD46-AF2F5C7166B6}
	EndGlobalSection
EndGlobal
